
Microsoft Visual Studio Solution File, Format Version 12.00
# Visual Studio 15
VisualStudioVersion = 15.0.27703.2018
MinimumVisualStudioVersion = 10.0.40219.1
Project("{FAE04EC0-301F-11D3-BF4B-00C04F79EFBC}") = "KeyVaultDemo", "KeyVaultDemo\KeyVaultDemo.csproj", "{67521FE6-737C-47F2-8AD6-75E1C8F4754C}"
EndProject
Project("{FAE04EC0-301F-11D3-BF4B-00C04F79EFBC}") = "KeyVaultWithCertDemo", "KeyVaultWithCertDemo\KeyVaultWithCertDemo.csproj", "{5EB81F93-BCDD-44FA-A97D-A61C5891803D}"
EndProject
Global
	GlobalSection(SolutionConfigurationPlatforms) = preSolution
		Debug|Any CPU = Debug|Any CPU
		Release|Any CPU = Release|Any CPU
	EndGlobalSection
	GlobalSection(ProjectConfigurationPlatforms) = postSolution
		{67521FE6-737C-47F2-8AD6-75E1C8F4754C}.Debug|Any CPU.ActiveCfg = Debug|Any CPU
		{67521FE6-737C-47F2-8AD6-75E1C8F4754C}.Debug|Any CPU.Build.0 = Debug|Any CPU
		{67521FE6-737C-47F2-8AD6-75E1C8F4754C}.Release|Any CPU.ActiveCfg = Release|Any CPU
		{67521FE6-737C-47F2-8AD6-75E1C8F4754C}.Release|Any CPU.Build.0 = Release|Any CPU
		{5EB81F93-BCDD-44FA-A97D-A61C5891803D}.Debug|Any CPU.ActiveCfg = Debug|Any CPU
		{5EB81F93-BCDD-44FA-A97D-A61C5891803D}.Debug|Any CPU.Build.0 = Debug|Any CPU
		{5EB81F93-BCDD-44FA-A97D-A61C5891803D}.Release|Any CPU.ActiveCfg = Release|Any CPU
		{5EB81F93-BCDD-44FA-A97D-A61C5891803D}.Release|Any CPU.Build.0 = Release|Any CPU
	EndGlobalSection
	GlobalSection(SolutionProperties) = preSolution
		HideSolutionNode = FALSE
	EndGlobalSection
	GlobalSection(ExtensibilityGlobals) = postSolution
		SolutionGuid = {86906E31-E9CB-4932-AD53-B9A8A80A439E}
	EndGlobalSection
EndGlobal
